
Microsoft Visual Studio Solution File, Format Version 12.00
# Visual Studio Version 17
VisualStudioVersion = 17.7.34202.233
MinimumVisualStudioVersion = 10.0.40219.1
Project("{2150E333-8FDC-42A3-9474-1A3956D46DE8}") = "Src", "Src", "{EDA13E52-4DD7-4505-A578-5E1DFB998D15}"
EndProject
Project("{2150E333-8FDC-42A3-9474-1A3956D46DE8}") = "Tests", "Tests", "{25832BED-6A7B-4C33-A5C2-0C2EEFE893F3}"
EndProject
Project("{2150E333-8FDC-42A3-9474-1A3956D46DE8}") = "Core", "Core", "{28C6F70B-5E81-4B2D-B9E7-50E92EF2D7B9}"
EndProject
Project("{2150E333-8FDC-42A3-9474-1A3956D46DE8}") = "Infrastructure", "Infrastructure", "{836DE220-AA5D-405B-BD93-DA81BCA6E423}"
EndProject
Project("{2150E333-8FDC-42A3-9474-1A3956D46DE8}") = "Presentation", "Presentation", "{7F8F5217-CCF0-4D69-950C-7215A4C618A8}"
EndProject
Project("{9A19103F-16F7-4668-BE54-9A1E7A4F7556}") = "Appication", "Appication\Appication.csproj", "{2755E547-9075-4D21-8733-D9C64E268A2C}"
	ProjectSection(ProjectDependencies) = postProject
		{16FB4806-1334-4F61-91F5-4157A8A2D56F} = {16FB4806-1334-4F61-91F5-4157A8A2D56F}
		{B6270E60-7F30-4566-952F-F4CC7D642A18} = {B6270E60-7F30-4566-952F-F4CC7D642A18}
		{FA29AB26-1DA7-4302-94C2-FD291E9CE618} = {FA29AB26-1DA7-4302-94C2-FD291E9CE618}
	EndProjectSection
EndProject
Project("{9A19103F-16F7-4668-BE54-9A1E7A4F7556}") = "Domain", "Domain\Domain.csproj", "{16FB4806-1334-4F61-91F5-4157A8A2D56F}"
	ProjectSection(ProjectDependencies) = postProject
		{B6270E60-7F30-4566-952F-F4CC7D642A18} = {B6270E60-7F30-4566-952F-F4CC7D642A18}
	EndProjectSection
EndProject
Project("{9A19103F-16F7-4668-BE54-9A1E7A4F7556}") = "Data", "Data\Data.csproj", "{B6270E60-7F30-4566-952F-F4CC7D642A18}"
EndProject
Project("{9A19103F-16F7-4668-BE54-9A1E7A4F7556}") = "Shared", "Shared\Shared.csproj", "{FA29AB26-1DA7-4302-94C2-FD291E9CE618}"
EndProject
Project("{2150E333-8FDC-42A3-9474-1A3956D46DE8}") = "Website", "Website", "{93C9185B-ADF5-4095-A5C1-983C4A94E493}"
EndProject
Project("{54A90642-561A-4BB1-A94E-469ADEE60C69}") = "Website.client", "Website.client\Website.client.esproj", "{53BB57BF-A068-429E-B6A3-414D129EA5D9}"
EndProject
Project("{9A19103F-16F7-4668-BE54-9A1E7A4F7556}") = "Website.Server", "Website.Server\Website.Server.csproj", "{E415D408-911C-4A77-B0EE-4CDFEF91CA0D}"
	ProjectSection(ProjectDependencies) = postProject
		{16FB4806-1334-4F61-91F5-4157A8A2D56F} = {16FB4806-1334-4F61-91F5-4157A8A2D56F}
		{2755E547-9075-4D21-8733-D9C64E268A2C} = {2755E547-9075-4D21-8733-D9C64E268A2C}
		{53BB57BF-A068-429E-B6A3-414D129EA5D9} = {53BB57BF-A068-429E-B6A3-414D129EA5D9}
		{B6270E60-7F30-4566-952F-F4CC7D642A18} = {B6270E60-7F30-4566-952F-F4CC7D642A18}
		{FA29AB26-1DA7-4302-94C2-FD291E9CE618} = {FA29AB26-1DA7-4302-94C2-FD291E9CE618}
	EndProjectSection
EndProject
Global
	GlobalSection(SolutionConfigurationPlatforms) = preSolution
		Debug|Any CPU = Debug|Any CPU
		Release|Any CPU = Release|Any CPU
	EndGlobalSection
	GlobalSection(ProjectConfigurationPlatforms) = postSolution
		{2755E547-9075-4D21-8733-D9C64E268A2C}.Debug|Any CPU.ActiveCfg = Debug|Any CPU
		{2755E547-9075-4D21-8733-D9C64E268A2C}.Debug|Any CPU.Build.0 = Debug|Any CPU
		{2755E547-9075-4D21-8733-D9C64E268A2C}.Release|Any CPU.ActiveCfg = Release|Any CPU
		{2755E547-9075-4D21-8733-D9C64E268A2C}.Release|Any CPU.Build.0 = Release|Any CPU
		{16FB4806-1334-4F61-91F5-4157A8A2D56F}.Debug|Any CPU.ActiveCfg = Debug|Any CPU
		{16FB4806-1334-4F61-91F5-4157A8A2D56F}.Debug|Any CPU.Build.0 = Debug|Any CPU
		{16FB4806-1334-4F61-91F5-4157A8A2D56F}.Release|Any CPU.ActiveCfg = Release|Any CPU
		{16FB4806-1334-4F61-91F5-4157A8A2D56F}.Release|Any CPU.Build.0 = Release|Any CPU
		{B6270E60-7F30-4566-952F-F4CC7D642A18}.Debug|Any CPU.ActiveCfg = Debug|Any CPU
		{B6270E60-7F30-4566-952F-F4CC7D642A18}.Debug|Any CPU.Build.0 = Debug|Any CPU
		{B6270E60-7F30-4566-952F-F4CC7D642A18}.Release|Any CPU.ActiveCfg = Release|Any CPU
		{B6270E60-7F30-4566-952F-F4CC7D642A18}.Release|Any CPU.Build.0 = Release|Any CPU
		{FA29AB26-1DA7-4302-94C2-FD291E9CE618}.Debug|Any CPU.ActiveCfg = Debug|Any CPU
		{FA29AB26-1DA7-4302-94C2-FD291E9CE618}.Debug|Any CPU.Build.0 = Debug|Any CPU
		{FA29AB26-1DA7-4302-94C2-FD291E9CE618}.Release|Any CPU.ActiveCfg = Release|Any CPU
		{FA29AB26-1DA7-4302-94C2-FD291E9CE618}.Release|Any CPU.Build.0 = Release|Any CPU
		{53BB57BF-A068-429E-B6A3-414D129EA5D9}.Debug|Any CPU.ActiveCfg = Debug|Any CPU
		{53BB57BF-A068-429E-B6A3-414D129EA5D9}.Debug|Any CPU.Build.0 = Debug|Any CPU
		{53BB57BF-A068-429E-B6A3-414D129EA5D9}.Debug|Any CPU.Deploy.0 = Debug|Any CPU
		{53BB57BF-A068-429E-B6A3-414D129EA5D9}.Release|Any CPU.ActiveCfg = Release|Any CPU
		{53BB57BF-A068-429E-B6A3-414D129EA5D9}.Release|Any CPU.Build.0 = Release|Any CPU
		{53BB57BF-A068-429E-B6A3-414D129EA5D9}.Release|Any CPU.Deploy.0 = Release|Any CPU
		{E415D408-911C-4A77-B0EE-4CDFEF91CA0D}.Debug|Any CPU.ActiveCfg = Debug|Any CPU
		{E415D408-911C-4A77-B0EE-4CDFEF91CA0D}.Debug|Any CPU.Build.0 = Debug|Any CPU
		{E415D408-911C-4A77-B0EE-4CDFEF91CA0D}.Release|Any CPU.ActiveCfg = Release|Any CPU
		{E415D408-911C-4A77-B0EE-4CDFEF91CA0D}.Release|Any CPU.Build.0 = Release|Any CPU
	EndGlobalSection
	GlobalSection(SolutionProperties) = preSolution
		HideSolutionNode = FALSE
	EndGlobalSection
	GlobalSection(NestedProjects) = preSolution
		{28C6F70B-5E81-4B2D-B9E7-50E92EF2D7B9} = {EDA13E52-4DD7-4505-A578-5E1DFB998D15}
		{836DE220-AA5D-405B-BD93-DA81BCA6E423} = {EDA13E52-4DD7-4505-A578-5E1DFB998D15}
		{7F8F5217-CCF0-4D69-950C-7215A4C618A8} = {EDA13E52-4DD7-4505-A578-5E1DFB998D15}
		{2755E547-9075-4D21-8733-D9C64E268A2C} = {28C6F70B-5E81-4B2D-B9E7-50E92EF2D7B9}
		{16FB4806-1334-4F61-91F5-4157A8A2D56F} = {28C6F70B-5E81-4B2D-B9E7-50E92EF2D7B9}
		{B6270E60-7F30-4566-952F-F4CC7D642A18} = {836DE220-AA5D-405B-BD93-DA81BCA6E423}
		{FA29AB26-1DA7-4302-94C2-FD291E9CE618} = {836DE220-AA5D-405B-BD93-DA81BCA6E423}
		{93C9185B-ADF5-4095-A5C1-983C4A94E493} = {7F8F5217-CCF0-4D69-950C-7215A4C618A8}
		{53BB57BF-A068-429E-B6A3-414D129EA5D9} = {93C9185B-ADF5-4095-A5C1-983C4A94E493}
		{E415D408-911C-4A77-B0EE-4CDFEF91CA0D} = {93C9185B-ADF5-4095-A5C1-983C4A94E493}
	EndGlobalSection
	GlobalSection(ExtensibilityGlobals) = postSolution
		SolutionGuid = {EF709314-3BA0-4CD1-9E5F-5FD8556AD7F5}
	EndGlobalSection
EndGlobal
